
Microsoft Visual Studio Solution File, Format Version 12.00
# Visual Studio Version 17
VisualStudioVersion = 17.1.32210.238
MinimumVisualStudioVersion = 10.0.40219.1
Project("{FAE04EC0-301F-11D3-BF4B-00C04F79EFBC}") = "RazorPagesMovie", "RazorPagesMovie\RazorPagesMovie.csproj", "{6A0A1BC1-29AE-4282-B9BB-C46BC5FFA3B2}"
EndProject
Project("{FAE04EC0-301F-11D3-BF4B-00C04F79EFBC}") = "MvcMovie", "..\MvcMovie\MvcMovie.csproj", "{9CB773BB-9E26-4164-AE27-7AE2E8959F22}"
EndProject
Global
	GlobalSection(SolutionConfigurationPlatforms) = preSolution
		Debug|Any CPU = Debug|Any CPU
		Release|Any CPU = Release|Any CPU
	EndGlobalSection
	GlobalSection(ProjectConfigurationPlatforms) = postSolution
		{6A0A1BC1-29AE-4282-B9BB-C46BC5FFA3B2}.Debug|Any CPU.ActiveCfg = Debug|Any CPU
		{6A0A1BC1-29AE-4282-B9BB-C46BC5FFA3B2}.Debug|Any CPU.Build.0 = Debug|Any CPU
		{6A0A1BC1-29AE-4282-B9BB-C46BC5FFA3B2}.Release|Any CPU.ActiveCfg = Release|Any CPU
		{6A0A1BC1-29AE-4282-B9BB-C46BC5FFA3B2}.Release|Any CPU.Build.0 = Release|Any CPU
		{9CB773BB-9E26-4164-AE27-7AE2E8959F22}.Debug|Any CPU.ActiveCfg = Debug|Any CPU
		{9CB773BB-9E26-4164-AE27-7AE2E8959F22}.Debug|Any CPU.Build.0 = Debug|Any CPU
		{9CB773BB-9E26-4164-AE27-7AE2E8959F22}.Release|Any CPU.ActiveCfg = Release|Any CPU
		{9CB773BB-9E26-4164-AE27-7AE2E8959F22}.Release|Any CPU.Build.0 = Release|Any CPU
	EndGlobalSection
	GlobalSection(SolutionProperties) = preSolution
		HideSolutionNode = FALSE
	EndGlobalSection
	GlobalSection(ExtensibilityGlobals) = postSolution
		SolutionGuid = {0E8721D7-3F56-499F-B982-3DAD38E4A2E3}
	EndGlobalSection
EndGlobal
