
Microsoft Visual Studio Solution File, Format Version 12.00
# Visual Studio Version 16
VisualStudioVersion = 16.0.810.16
MinimumVisualStudioVersion = 10.0.40219.1
Project("{FAE04EC0-301F-11D3-BF4B-00C04F79EFBC}") = "MyFirstConsoleApplication", "MyFirstConsoleApplication\MyFirstConsoleApplication.csproj", "{FF163B7E-6307-4A23-A6D8-66C6DB942257}"
EndProject
Global
	GlobalSection(SolutionConfigurationPlatforms) = preSolution
		Debug|Any CPU = Debug|Any CPU
		Release|Any CPU = Release|Any CPU
	EndGlobalSection
	GlobalSection(ProjectConfigurationPlatforms) = postSolution
		{FF163B7E-6307-4A23-A6D8-66C6DB942257}.Debug|Any CPU.ActiveCfg = Debug|Any CPU
		{FF163B7E-6307-4A23-A6D8-66C6DB942257}.Debug|Any CPU.Build.0 = Debug|Any CPU
		{FF163B7E-6307-4A23-A6D8-66C6DB942257}.Release|Any CPU.ActiveCfg = Release|Any CPU
		{FF163B7E-6307-4A23-A6D8-66C6DB942257}.Release|Any CPU.Build.0 = Release|Any CPU
	EndGlobalSection
	GlobalSection(SolutionProperties) = preSolution
		HideSolutionNode = FALSE
	EndGlobalSection
	GlobalSection(ExtensibilityGlobals) = postSolution
		SolutionGuid = {718C9BF9-81FD-464B-A19B-96F1A7CA803F}
	EndGlobalSection
EndGlobal
