
Microsoft Visual Studio Solution File, Format Version 12.00
# Visual Studio Version 17
VisualStudioVersion = 17.1.32228.430
MinimumVisualStudioVersion = 10.0.40219.1
Project("{FAE04EC0-301F-11D3-BF4B-00C04F79EFBC}") = "GreatUniversity", "GreatUniversity\GreatUniversity.csproj", "{A75344D9-827C-44AE-B235-2E14A81F5D72}"
EndProject
Global
	GlobalSection(SolutionConfigurationPlatforms) = preSolution
		Debug|Any CPU = Debug|Any CPU
		Release|Any CPU = Release|Any CPU
	EndGlobalSection
	GlobalSection(ProjectConfigurationPlatforms) = postSolution
		{A75344D9-827C-44AE-B235-2E14A81F5D72}.Debug|Any CPU.ActiveCfg = Debug|Any CPU
		{A75344D9-827C-44AE-B235-2E14A81F5D72}.Debug|Any CPU.Build.0 = Debug|Any CPU
		{A75344D9-827C-44AE-B235-2E14A81F5D72}.Release|Any CPU.ActiveCfg = Release|Any CPU
		{A75344D9-827C-44AE-B235-2E14A81F5D72}.Release|Any CPU.Build.0 = Release|Any CPU
	EndGlobalSection
	GlobalSection(SolutionProperties) = preSolution
		HideSolutionNode = FALSE
	EndGlobalSection
	GlobalSection(ExtensibilityGlobals) = postSolution
		SolutionGuid = {F461E1E9-B235-4763-AC78-D9208F9B0471}
	EndGlobalSection
EndGlobal
